<?xml version="1.0" encoding="utf-8"?>
<Project ToolsVersion="4.0" xmlns="http://schemas.microsoft.com/developer/msbuild/2003">
  <ItemGroup>
    <Filter Include="Source">
      <UniqueIdentifier>{f5334e00-4ea4-4e61-9e57-7ac550bcbe6d}</UniqueIdentifier>
    </Filter>
    <Filter Include="Source\Rasterizers">
      <UniqueIdentifier>{8a7923e5-b88a-41df-9d10-354d74ac82f7}</UniqueIdentifier>
    </Filter>
    <Filter Include="Source\Drivers">
      <UniqueIdentifier>{4a1468d2-ef72-4cac-9b4f-338a33a9a505}</UniqueIdentifier>
    </Filter>
    <Filter Include="Source\Base">
      <UniqueIdentifier>{f5813531-00b2-4990-9007-0a0efb80d15b}</UniqueIdentifier>
    </Filter>
    <Filter Include="Source\Auxiliary">
      <UniqueIdentifier>{fb95b584-aa45-4c97-bc28-d4198f80add8}</UniqueIdentifier>
    </Filter>
    <Filter Include="Include">
      <UniqueIdentifier>{c0b9fa6a-ea59-4ee1-bb6d-2fafffd60ec5}</UniqueIdentifier>
    </Filter>
  </ItemGroup>
  <ItemGroup>
    <ClCompile Include="src\base\ftmac.c">
      <Filter>Source\Base</Filter>
    </ClCompile>
    <ClCompile Include="src\base\ftmm.c">
      <Filter>Source\Base</Filter>
    </ClCompile>
    <ClCompile Include="src\base\ftotval.c">
      <Filter>Source\Base</Filter>
    </ClCompile>
    <ClCompile Include="src\base\ftpatent.c">
      <Filter>Source\Base</Filter>
    </ClCompile>
    <ClCompile Include="src\base\ftpfr.c">
      <Filter>Source\Base</Filter>
    </ClCompile>
    <ClCompile Include="src\base\ftstroke.c">
      <Filter>Source\Base</Filter>
    </ClCompile>
    <ClCompile Include="src\base\ftsynth.c">
      <Filter>Source\Base</Filter>
    </ClCompile>
    <ClCompile Include="src\base\ftsystem.c">
      <Filter>Source\Base</Filter>
    </ClCompile>
    <ClCompile Include="src\base\fttype1.c">
      <Filter>Source\Base</Filter>
    </ClCompile>
    <ClCompile Include="src\base\ftwinfnt.c">
      <Filter>Source\Base</Filter>
    </ClCompile>
    <ClCompile Include="src\base\ftbase.c">
      <Filter>Source\Base</Filter>
    </ClCompile>
    <ClCompile Include="src\base\ftbbox.c">
      <Filter>Source\Base</Filter>
    </ClCompile>
    <ClCompile Include="src\base\ftbdf.c">
      <Filter>Source\Base</Filter>
    </ClCompile>
    <ClCompile Include="src\base\ftbitmap.c">
      <Filter>Source\Base</Filter>
    </ClCompile>
    <ClCompile Include="src\base\ftcid.c">
      <Filter>Source\Base</Filter>
    </ClCompile>
    <ClCompile Include="src\base\ftdebug.c">
      <Filter>Source\Base</Filter>
    </ClCompile>
    <ClCompile Include="src\base\ftfstype.c">
      <Filter>Source\Base</Filter>
    </ClCompile>
    <ClCompile Include="src\base\ftgasp.c">
      <Filter>Source\Base</Filter>
    </ClCompile>
    <ClCompile Include="src\base\ftglyph.c">
      <Filter>Source\Base</Filter>
    </ClCompile>
    <ClCompile Include="src\base\ftgxval.c">
      <Filter>Source\Base</Filter>
    </ClCompile>
    <ClCompile Include="src\base\ftinit.c">
      <Filter>Source\Base</Filter>
    </ClCompile>
    <ClCompile Include="src\smooth\smooth.c">
      <Filter>Source\Rasterizers</Filter>
    </ClCompile>
    <ClCompile Include="src\raster\raster.c">
      <Filter>Source\Rasterizers</Filter>
    </ClCompile>
    <ClCompile Include="src\sdf\sdf.c">
      <Filter>Source\Rasterizers</Filter>
    </ClCompile>
    <ClCompile Include="src\bdf\bdf.c">
      <Filter>Source\Drivers</Filter>
    </ClCompile>
    <ClCompile Include="src\cff\cff.c">
      <Filter>Source\Drivers</Filter>
    </ClCompile>
    <ClCompile Include="src\cid\type1cid.c">
      <Filter>Source\Drivers</Filter>
    </ClCompile>
    <ClCompile Include="src\pcf\pcf.c">
      <Filter>Source\Drivers</Filter>
    </ClCompile>
    <ClCompile Include="src\pfr\pfr.c">
      <Filter>Source\Drivers</Filter>
    </ClCompile>
    <ClCompile Include="src\sfnt\sfnt.c">
      <Filter>Source\Drivers</Filter>
    </ClCompile>
    <ClCompile Include="src\truetype\truetype.c">
      <Filter>Source\Drivers</Filter>
    </ClCompile>
    <ClCompile Include="src\type1\type1.c">
      <Filter>Source\Drivers</Filter>
    </ClCompile>
    <ClCompile Include="src\type42\type42.c">
      <Filter>Source\Drivers</Filter>
    </ClCompile>
    <ClCompile Include="src\winfonts\winfnt.c">
      <Filter>Source\Drivers</Filter>
    </ClCompile>
    <ClCompile Include="src\svg\svg.c">
      <Filter>Source\Drivers</Filter>
    </ClCompile>
    <ClCompile Include="src\autofit\autofit.c">
      <Filter>Source\Auxiliary</Filter>
    </ClCompile>
    <ClCompile Include="src\gzip\ftgzip.c">
      <Filter>Source\Auxiliary</Filter>
    </ClCompile>
    <ClCompile Include="src\lzw\ftlzw.c">
      <Filter>Source\Auxiliary</Filter>
    </ClCompile>
    <ClCompile Include="src\bzip2\ftbzip2.c">
      <Filter>Source\Auxiliary</Filter>
    </ClCompile>
    <ClCompile Include="src\gxvalid\gxvalid.c">
      <Filter>Source\Auxiliary</Filter>
    </ClCompile>
    <ClCompile Include="src\otvalid\otvalid.c">
      <Filter>Source\Auxiliary</Filter>
    </ClCompile>
    <ClCompile Include="src\psaux\psaux.c">
      <Filter>Source\Auxiliary</Filter>
    </ClCompile>
    <ClCompile Include="src\pshinter\pshinter.c">
      <Filter>Source\Auxiliary</Filter>
    </ClCompile>
    <ClCompile Include="src\psnames\psnames.c">
      <Filter>Source\Auxiliary</Filter>
    </ClCompile>
    <ClCompile Include="src\cache\ftcache.c">
      <Filter>Source\Auxiliary</Filter>
    </ClCompile>
  </ItemGroup>
  <ItemGroup>
    <ClInclude Include="inc\ft2build.h">
      <Filter>Include</Filter>
    </ClInclude>
  </ItemGroup>
</Project>